
Microsoft Visual Studio Solution File, Format Version 12.00
# Visual Studio Version 16
VisualStudioVersion = 16.0.28803.352
MinimumVisualStudioVersion = 10.0.40219.1
Project("{FAE04EC0-301F-11D3-BF4B-00C04F79EFBC}") = "ProductsApp", "ProductsApp\ProductsApp.csproj", "{B1ED245F-A2D1-4034-8D03-C34BCC3B5FB2}"
EndProject
Project("{FAE04EC0-301F-11D3-BF4B-00C04F79EFBC}") = "DapperComSQL", "DapperComSQL\DapperComSQL.csproj", "{C821D306-E3FD-418D-BD30-1213EE33BB81}"
EndProject
Global
	GlobalSection(SolutionConfigurationPlatforms) = preSolution
		Debug|Any CPU = Debug|Any CPU
		Release|Any CPU = Release|Any CPU
	EndGlobalSection
	GlobalSection(ProjectConfigurationPlatforms) = postSolution
		{B1ED245F-A2D1-4034-8D03-C34BCC3B5FB2}.Debug|Any CPU.ActiveCfg = Debug|Any CPU
		{B1ED245F-A2D1-4034-8D03-C34BCC3B5FB2}.Debug|Any CPU.Build.0 = Debug|Any CPU
		{B1ED245F-A2D1-4034-8D03-C34BCC3B5FB2}.Release|Any CPU.ActiveCfg = Release|Any CPU
		{B1ED245F-A2D1-4034-8D03-C34BCC3B5FB2}.Release|Any CPU.Build.0 = Release|Any CPU
		{C821D306-E3FD-418D-BD30-1213EE33BB81}.Debug|Any CPU.ActiveCfg = Debug|Any CPU
		{C821D306-E3FD-418D-BD30-1213EE33BB81}.Debug|Any CPU.Build.0 = Debug|Any CPU
		{C821D306-E3FD-418D-BD30-1213EE33BB81}.Release|Any CPU.ActiveCfg = Release|Any CPU
		{C821D306-E3FD-418D-BD30-1213EE33BB81}.Release|Any CPU.Build.0 = Release|Any CPU
	EndGlobalSection
	GlobalSection(SolutionProperties) = preSolution
		HideSolutionNode = FALSE
	EndGlobalSection
	GlobalSection(ExtensibilityGlobals) = postSolution
		SolutionGuid = {E6CC24D7-F4BB-4817-A9BB-34479D2EB41D}
	EndGlobalSection
EndGlobal
